{
  "name": "jenkins-git-integration",
  "version": "1.0.0",
  "lockfileVersion": 2,
  "requires": true,
  "packages": {
    "": {
      "version": "1.0.0",
      "license": "ISC",
      "dependencies": {
        "random-numbers": "^1.0.8"
      },
      "devDependencies": {}
    },
    "node_modules/random-numbers": {
      "version": "1.0.8",
      "resolved": "https://registry.npmjs.org/random-numbers/-/random-numbers-1.0.8.tgz",
      "integrity": "sha1-KKhpie3ygdWGNbuLVO3rbIfpfvo="
    }
  },
  "dependencies": {
    "random-numbers": {
      "version": "1.0.8",
      "resolved": "https://registry.npmjs.org/random-numbers/-/random-numbers-1.0.8.tgz",
      "integrity": "sha1-KKhpie3ygdWGNbuLVO3rbIfpfvo="
    }
  }
}
